
Microsoft Visual Studio Solution File, Format Version 12.00
# Visual Studio Version 16
VisualStudioVersion = 16.0.29609.76
MinimumVisualStudioVersion = 10.0.40219.1
Project("{9A19103F-16F7-4668-BE54-9A1E7A4F7556}") = "StopBeingJerk.Web", "StopBeingJerk.Web\StopBeingJerk.Web.csproj", "{AAD8DA62-3D9B-4C6B-A245-FF53BC9734E1}"
EndProject
Project("{9A19103F-16F7-4668-BE54-9A1E7A4F7556}") = "StopBeingJerk.Domain", "StopBeingJerk.Domain\StopBeingJerk.Domain.csproj", "{1FA28716-1AE0-4975-8BE2-5D1ABDD4F581}"
EndProject
Project("{9A19103F-16F7-4668-BE54-9A1E7A4F7556}") = "StopBeingJerk.DataAccess", "StopBeingJerk.DataAccess\StopBeingJerk.DataAccess.csproj", "{F74151FA-67F8-457A-9C38-9AD7F7DBECAB}"
EndProject
Project("{9A19103F-16F7-4668-BE54-9A1E7A4F7556}") = "StopBeingJerk.ApplicationLogic", "StopBeingJerk.ApplicationLogic\StopBeingJerk.ApplicationLogic.csproj", "{774825B4-7939-4936-8046-C3AD41BA94CC}"
EndProject
Project("{9A19103F-16F7-4668-BE54-9A1E7A4F7556}") = "StopBeingJerk.DI", "StopBeingJerk.DI\StopBeingJerk.DI.csproj", "{48F0585E-C629-4FD1-9B4E-0BE258604AC2}"
EndProject
Project("{9A19103F-16F7-4668-BE54-9A1E7A4F7556}") = "StopBeingJerk.Dto", "StopBeingJerk.Dto\StopBeingJerk.Dto.csproj", "{30D8A1EF-69E4-403B-952C-12EABDBDB3B8}"
EndProject
Project("{9A19103F-16F7-4668-BE54-9A1E7A4F7556}") = "StopBeingJerk.Mapper", "StopBeingJerk.Mapper\StopBeingJerk.Mapper.csproj", "{1FE42E5D-F263-42BD-BB3E-4AA16A2E5C65}"
EndProject
Project("{9A19103F-16F7-4668-BE54-9A1E7A4F7556}") = "SandBox", "SandBox\SandBox.csproj", "{DA5DF056-0704-4ABC-ADFA-7012AB910490}"
EndProject
Project("{FAE04EC0-301F-11D3-BF4B-00C04F79EFBC}") = "StopBeingJerk.Shared", "StopBeingJerk.Shared\StopBeingJerk.Shared.csproj", "{E056CFEB-918A-4BC4-8942-48F3E8749CD9}"
EndProject
Global
	GlobalSection(SolutionConfigurationPlatforms) = preSolution
		Debug|Any CPU = Debug|Any CPU
		Release|Any CPU = Release|Any CPU
	EndGlobalSection
	GlobalSection(ProjectConfigurationPlatforms) = postSolution
		{AAD8DA62-3D9B-4C6B-A245-FF53BC9734E1}.Debug|Any CPU.ActiveCfg = Debug|Any CPU
		{AAD8DA62-3D9B-4C6B-A245-FF53BC9734E1}.Debug|Any CPU.Build.0 = Debug|Any CPU
		{AAD8DA62-3D9B-4C6B-A245-FF53BC9734E1}.Release|Any CPU.ActiveCfg = Release|Any CPU
		{AAD8DA62-3D9B-4C6B-A245-FF53BC9734E1}.Release|Any CPU.Build.0 = Release|Any CPU
		{1FA28716-1AE0-4975-8BE2-5D1ABDD4F581}.Debug|Any CPU.ActiveCfg = Debug|Any CPU
		{1FA28716-1AE0-4975-8BE2-5D1ABDD4F581}.Debug|Any CPU.Build.0 = Debug|Any CPU
		{1FA28716-1AE0-4975-8BE2-5D1ABDD4F581}.Release|Any CPU.ActiveCfg = Release|Any CPU
		{1FA28716-1AE0-4975-8BE2-5D1ABDD4F581}.Release|Any CPU.Build.0 = Release|Any CPU
		{F74151FA-67F8-457A-9C38-9AD7F7DBECAB}.Debug|Any CPU.ActiveCfg = Debug|Any CPU
		{F74151FA-67F8-457A-9C38-9AD7F7DBECAB}.Debug|Any CPU.Build.0 = Debug|Any CPU
		{F74151FA-67F8-457A-9C38-9AD7F7DBECAB}.Release|Any CPU.ActiveCfg = Release|Any CPU
		{F74151FA-67F8-457A-9C38-9AD7F7DBECAB}.Release|Any CPU.Build.0 = Release|Any CPU
		{774825B4-7939-4936-8046-C3AD41BA94CC}.Debug|Any CPU.ActiveCfg = Debug|Any CPU
		{774825B4-7939-4936-8046-C3AD41BA94CC}.Debug|Any CPU.Build.0 = Debug|Any CPU
		{774825B4-7939-4936-8046-C3AD41BA94CC}.Release|Any CPU.ActiveCfg = Release|Any CPU
		{774825B4-7939-4936-8046-C3AD41BA94CC}.Release|Any CPU.Build.0 = Release|Any CPU
		{48F0585E-C629-4FD1-9B4E-0BE258604AC2}.Debug|Any CPU.ActiveCfg = Debug|Any CPU
		{48F0585E-C629-4FD1-9B4E-0BE258604AC2}.Debug|Any CPU.Build.0 = Debug|Any CPU
		{48F0585E-C629-4FD1-9B4E-0BE258604AC2}.Release|Any CPU.ActiveCfg = Release|Any CPU
		{48F0585E-C629-4FD1-9B4E-0BE258604AC2}.Release|Any CPU.Build.0 = Release|Any CPU
		{30D8A1EF-69E4-403B-952C-12EABDBDB3B8}.Debug|Any CPU.ActiveCfg = Debug|Any CPU
		{30D8A1EF-69E4-403B-952C-12EABDBDB3B8}.Debug|Any CPU.Build.0 = Debug|Any CPU
		{30D8A1EF-69E4-403B-952C-12EABDBDB3B8}.Release|Any CPU.ActiveCfg = Release|Any CPU
		{30D8A1EF-69E4-403B-952C-12EABDBDB3B8}.Release|Any CPU.Build.0 = Release|Any CPU
		{1FE42E5D-F263-42BD-BB3E-4AA16A2E5C65}.Debug|Any CPU.ActiveCfg = Debug|Any CPU
		{1FE42E5D-F263-42BD-BB3E-4AA16A2E5C65}.Debug|Any CPU.Build.0 = Debug|Any CPU
		{1FE42E5D-F263-42BD-BB3E-4AA16A2E5C65}.Release|Any CPU.ActiveCfg = Release|Any CPU
		{1FE42E5D-F263-42BD-BB3E-4AA16A2E5C65}.Release|Any CPU.Build.0 = Release|Any CPU
		{DA5DF056-0704-4ABC-ADFA-7012AB910490}.Debug|Any CPU.ActiveCfg = Debug|Any CPU
		{DA5DF056-0704-4ABC-ADFA-7012AB910490}.Debug|Any CPU.Build.0 = Debug|Any CPU
		{DA5DF056-0704-4ABC-ADFA-7012AB910490}.Release|Any CPU.ActiveCfg = Release|Any CPU
		{DA5DF056-0704-4ABC-ADFA-7012AB910490}.Release|Any CPU.Build.0 = Release|Any CPU
		{E056CFEB-918A-4BC4-8942-48F3E8749CD9}.Debug|Any CPU.ActiveCfg = Debug|Any CPU
		{E056CFEB-918A-4BC4-8942-48F3E8749CD9}.Debug|Any CPU.Build.0 = Debug|Any CPU
		{E056CFEB-918A-4BC4-8942-48F3E8749CD9}.Release|Any CPU.ActiveCfg = Release|Any CPU
		{E056CFEB-918A-4BC4-8942-48F3E8749CD9}.Release|Any CPU.Build.0 = Release|Any CPU
	EndGlobalSection
	GlobalSection(SolutionProperties) = preSolution
		HideSolutionNode = FALSE
	EndGlobalSection
	GlobalSection(ExtensibilityGlobals) = postSolution
		SolutionGuid = {CF30761F-7EF9-4E79-99BE-035A10994077}
	EndGlobalSection
EndGlobal
